{
  "name": "asistencia",
  "version": "1.0.0",
  "lockfileVersion": 3,
  "requires": true,
  "packages": {
    "": {
      "name": "asistencia",
      "version": "1.0.0",
      "license": "ISC",
      "dependencies": {
        "@formkit/tempo": "^0.0.17"
      }
    },
    "node_modules/@formkit/tempo": {
      "version": "0.0.17",
      "resolved": "https://registry.npmjs.org/@formkit/tempo/-/tempo-0.0.17.tgz",
      "integrity": "sha512-2gZE6oxp3dK6HigiKWclbCigmQGrbDTHIYe3D12T88RCorRznet2bpr7/wESBi6JFtSb0Y0NTnLvg6nfAcHERg=="
    }
  }
}
